// !$*UTF8*$!
{
	archiveVersion = 1;
	classes = {
	};
	objectVersion = 46;
	objects = {

/* Begin PBXBuildFile section */
		05D153EC1904340D004E21FF /* GTMNSString+HTML.m in Sources */ = {isa = PBXBuildFile; fileRef = 05D153DC1904340D004E21FF /* GTMNSString+HTML.m */; };
		05D153ED1904340D004E21FF /* MWFeedInfo.m in Sources */ = {isa = PBXBuildFile; fileRef = 05D153DE1904340D004E21FF /* MWFeedInfo.m */; };
		05D153EE1904340D004E21FF /* MWFeedItem.m in Sources */ = {isa = PBXBuildFile; fileRef = 05D153E01904340D004E21FF /* MWFeedItem.m */; };
		05D153EF1904340D004E21FF /* MWFeedParser.m in Sources */ = {isa = PBXBuildFile; fileRef = 05D153E31904340D004E21FF /* MWFeedParser.m */; };
		05D153F11904340D004E21FF /* NSDate+InternetDateTime.m in Sources */ = {isa = PBXBuildFile; fileRef = 05D153E71904340D004E21FF /* NSDate+InternetDateTime.m */; };
		05D153F21904340D004E21FF /* NSString+HTML.m in Sources */ = {isa = PBXBuildFile; fileRef = 05D153E91904340D004E21FF /* NSString+HTML.m */; };
		05D153F31904340D004E21FF /* NSString+XMLEntities.m in Sources */ = {isa = PBXBuildFile; fileRef = 05D153EB1904340D004E21FF /* NSString+XMLEntities.m */; };
		9F715BD519043ABA0095DBC3 /* StoriesTableViewController.m in Sources */ = {isa = PBXBuildFile; fileRef = 9F715BD419043ABA0095DBC3 /* StoriesTableViewController.m */; };
		9F9029EC1903788D002CEB2E /* Foundation.framework in Frameworks */ = {isa = PBXBuildFile; fileRef = 9F9029EB1903788D002CEB2E /* Foundation.framework */; };
		9F9029EE1903788D002CEB2E /* CoreGraphics.framework in Frameworks */ = {isa = PBXBuildFile; fileRef = 9F9029ED1903788D002CEB2E /* CoreGraphics.framework */; };
		9F9029F01903788D002CEB2E /* UIKit.framework in Frameworks */ = {isa = PBXBuildFile; fileRef = 9F9029EF1903788D002CEB2E /* UIKit.framework */; };
		9F9029F61903788D002CEB2E /* InfoPlist.strings in Resources */ = {isa = PBXBuildFile; fileRef = 9F9029F41903788D002CEB2E /* InfoPlist.strings */; };
		9F9029F81903788D002CEB2E /* main.m in Sources */ = {isa = PBXBuildFile; fileRef = 9F9029F71903788D002CEB2E /* main.m */; };
		9F9029FC1903788D002CEB2E /* AppDelegate.m in Sources */ = {isa = PBXBuildFile; fileRef = 9F9029FB1903788D002CEB2E /* AppDelegate.m */; };
		9F9029FF1903788D002CEB2E /* Main.storyboard in Resources */ = {isa = PBXBuildFile; fileRef = 9F9029FD1903788D002CEB2E /* Main.storyboard */; };
		9F902A041903788D002CEB2E /* Images.xcassets in Resources */ = {isa = PBXBuildFile; fileRef = 9F902A031903788D002CEB2E /* Images.xcassets */; };
		9F902A0B1903788D002CEB2E /* XCTest.framework in Frameworks */ = {isa = PBXBuildFile; fileRef = 9F902A0A1903788D002CEB2E /* XCTest.framework */; };
		9F902A0C1903788D002CEB2E /* Foundation.framework in Frameworks */ = {isa = PBXBuildFile; fileRef = 9F9029EB1903788D002CEB2E /* Foundation.framework */; };
		9F902A0D1903788D002CEB2E /* UIKit.framework in Frameworks */ = {isa = PBXBuildFile; fileRef = 9F9029EF1903788D002CEB2E /* UIKit.framework */; };
		9F902A151903788D002CEB2E /* InfoPlist.strings in Resources */ = {isa = PBXBuildFile; fileRef = 9F902A131903788D002CEB2E /* InfoPlist.strings */; };
		9F902A171903788D002CEB2E /* RSSTests.m in Sources */ = {isa = PBXBuildFile; fileRef = 9F902A161903788D002CEB2E /* RSSTests.m */; };
		9F902A221903796C002CEB2E /* FeedsTableViewController.m in Sources */ = {isa = PBXBuildFile; fileRef = 9F902A211903796C002CEB2E /* FeedsTableViewController.m */; };
		9F902A2519037E78002CEB2E /* FeedObject.m in Sources */ = {isa = PBXBuildFile; fileRef = 9F902A2419037E78002CEB2E /* FeedObject.m */; };
		9FCAB97919046BCE00194362 /* WebViewController.m in Sources */ = {isa = PBXBuildFile; fileRef = 9FCAB97719046BCE00194362 /* WebViewController.m */; };
		9FCAB97B1904988D00194362 /* WebView.xib in Resources */ = {isa = PBXBuildFile; fileRef = 9FCAB97A1904988D00194362 /* WebView.xib */; };
/* End PBXBuildFile section */

/* Begin PBXContainerItemProxy section */
		9F902A0E1903788D002CEB2E /* PBXContainerItemProxy */ = {
			isa = PBXContainerItemProxy;
			containerPortal = 9F9029E01903788D002CEB2E /* Project object */;
			proxyType = 1;
			remoteGlobalIDString = 9F9029E71903788D002CEB2E;
			remoteInfo = RSS;
		};
/* End PBXContainerItemProxy section */

/* Begin PBXFileReference section */
		05D153DB1904340D004E21FF /* GTMNSString+HTML.h */ = {isa = PBXFileReference; fileEncoding = 4; lastKnownFileType = sourcecode.c.h; path = "GTMNSString+HTML.h"; sourceTree = "<group>"; };
		05D153DC1904340D004E21FF /* GTMNSString+HTML.m */ = {isa = PBXFileReference; fileEncoding = 4; lastKnownFileType = sourcecode.c.objc; path = "GTMNSString+HTML.m"; sourceTree = "<group>"; };
		05D153DD1904340D004E21FF /* MWFeedInfo.h */ = {isa = PBXFileReference; fileEncoding = 4; lastKnownFileType = sourcecode.c.h; path = MWFeedInfo.h; sourceTree = "<group>"; };
		05D153DE1904340D004E21FF /* MWFeedInfo.m */ = {isa = PBXFileReference; fileEncoding = 4; lastKnownFileType = sourcecode.c.objc; path = MWFeedInfo.m; sourceTree = "<group>"; };
		05D153DF1904340D004E21FF /* MWFeedItem.h */ = {isa = PBXFileReference; fileEncoding = 4; lastKnownFileType = sourcecode.c.h; path = MWFeedItem.h; sourceTree = "<group>"; };
		05D153E01904340D004E21FF /* MWFeedItem.m */ = {isa = PBXFileReference; fileEncoding = 4; lastKnownFileType = sourcecode.c.objc; path = MWFeedItem.m; sourceTree = "<group>"; };
		05D153E11904340D004E21FF /* MWFeedParser_Private.h */ = {isa = PBXFileReference; fileEncoding = 4; lastKnownFileType = sourcecode.c.h; path = MWFeedParser_Private.h; sourceTree = "<group>"; };
		05D153E21904340D004E21FF /* MWFeedParser.h */ = {isa = PBXFileReference; fileEncoding = 4; lastKnownFileType = sourcecode.c.h; path = MWFeedParser.h; sourceTree = "<group>"; };
		05D153E31904340D004E21FF /* MWFeedParser.m */ = {isa = PBXFileReference; fileEncoding = 4; lastKnownFileType = sourcecode.c.objc; path = MWFeedParser.m; sourceTree = "<group>"; };
		05D153E61904340D004E21FF /* NSDate+InternetDateTime.h */ = {isa = PBXFileReference; fileEncoding = 4; lastKnownFileType = sourcecode.c.h; path = "NSDate+InternetDateTime.h"; sourceTree = "<group>"; };
		05D153E71904340D004E21FF /* NSDate+InternetDateTime.m */ = {isa = PBXFileReference; fileEncoding = 4; lastKnownFileType = sourcecode.c.objc; path = "NSDate+InternetDateTime.m"; sourceTree = "<group>"; };
		05D153E81904340D004E21FF /* NSString+HTML.h */ = {isa = PBXFileReference; fileEncoding = 4; lastKnownFileType = sourcecode.c.h; path = "NSString+HTML.h"; sourceTree = "<group>"; };
		05D153E91904340D004E21FF /* NSString+HTML.m */ = {isa = PBXFileReference; fileEncoding = 4; lastKnownFileType = sourcecode.c.objc; path = "NSString+HTML.m"; sourceTree = "<group>"; };
		05D153EA1904340D004E21FF /* NSString+XMLEntities.h */ = {isa = PBXFileReference; fileEncoding = 4; lastKnownFileType = sourcecode.c.h; path = "NSString+XMLEntities.h"; sourceTree = "<group>"; };
		05D153EB1904340D004E21FF /* NSString+XMLEntities.m */ = {isa = PBXFileReference; fileEncoding = 4; lastKnownFileType = sourcecode.c.objc; path = "NSString+XMLEntities.m"; sourceTree = "<group>"; };
		9F715BD319043ABA0095DBC3 /* StoriesTableViewController.h */ = {isa = PBXFileReference; fileEncoding = 4; lastKnownFileType = sourcecode.c.h; path = StoriesTableViewController.h; sourceTree = "<group>"; };
		9F715BD419043ABA0095DBC3 /* StoriesTableViewController.m */ = {isa = PBXFileReference; fileEncoding = 4; lastKnownFileType = sourcecode.c.objc; path = StoriesTableViewController.m; sourceTree = "<group>"; };
		9F9029E81903788D002CEB2E /* RSS.app */ = {isa = PBXFileReference; explicitFileType = wrapper.application; includeInIndex = 0; path = RSS.app; sourceTree = BUILT_PRODUCTS_DIR; };
		9F9029EB1903788D002CEB2E /* Foundation.framework */ = {isa = PBXFileReference; lastKnownFileType = wrapper.framework; name = Foundation.framework; path = System/Library/Frameworks/Foundation.framework; sourceTree = SDKROOT; };
		9F9029ED1903788D002CEB2E /* CoreGraphics.framework */ = {isa = PBXFileReference; lastKnownFileType = wrapper.framework; name = CoreGraphics.framework; path = System/Library/Frameworks/CoreGraphics.framework; sourceTree = SDKROOT; };
		9F9029EF1903788D002CEB2E /* UIKit.framework */ = {isa = PBXFileReference; lastKnownFileType = wrapper.framework; name = UIKit.framework; path = System/Library/Frameworks/UIKit.framework; sourceTree = SDKROOT; };
		9F9029F31903788D002CEB2E /* RSS-Info.plist */ = {isa = PBXFileReference; lastKnownFileType = text.plist.xml; path = "RSS-Info.plist"; sourceTree = "<group>"; };
		9F9029F51903788D002CEB2E /* en */ = {isa = PBXFileReference; lastKnownFileType = text.plist.strings; name = en; path = en.lproj/InfoPlist.strings; sourceTree = "<group>"; };
		9F9029F71903788D002CEB2E /* main.m */ = {isa = PBXFileReference; lastKnownFileType = sourcecode.c.objc; path = main.m; sourceTree = "<group>"; };
		9F9029F91903788D002CEB2E /* RSS-Prefix.pch */ = {isa = PBXFileReference; lastKnownFileType = sourcecode.c.h; path = "RSS-Prefix.pch"; sourceTree = "<group>"; };
		9F9029FA1903788D002CEB2E /* AppDelegate.h */ = {isa = PBXFileReference; lastKnownFileType = sourcecode.c.h; path = AppDelegate.h; sourceTree = "<group>"; };
		9F9029FB1903788D002CEB2E /* AppDelegate.m */ = {isa = PBXFileReference; lastKnownFileType = sourcecode.c.objc; path = AppDelegate.m; sourceTree = "<group>"; };
		9F9029FE1903788D002CEB2E /* Base */ = {isa = PBXFileReference; lastKnownFileType = file.storyboard; name = Base; path = Base.lproj/Main.storyboard; sourceTree = "<group>"; };
		9F902A031903788D002CEB2E /* Images.xcassets */ = {isa = PBXFileReference; lastKnownFileType = folder.assetcatalog; path = Images.xcassets; sourceTree = "<group>"; };
		9F902A091903788D002CEB2E /* RSSTests.xctest */ = {isa = PBXFileReference; explicitFileType = wrapper.cfbundle; includeInIndex = 0; path = RSSTests.xctest; sourceTree = BUILT_PRODUCTS_DIR; };
		9F902A0A1903788D002CEB2E /* XCTest.framework */ = {isa = PBXFileReference; lastKnownFileType = wrapper.framework; name = XCTest.framework; path = Library/Frameworks/XCTest.framework; sourceTree = DEVELOPER_DIR; };
		9F902A121903788D002CEB2E /* RSSTests-Info.plist */ = {isa = PBXFileReference; lastKnownFileType = text.plist.xml; path = "RSSTests-Info.plist"; sourceTree = "<group>"; };
		9F902A141903788D002CEB2E /* en */ = {isa = PBXFileReference; lastKnownFileType = text.plist.strings; name = en; path = en.lproj/InfoPlist.strings; sourceTree = "<group>"; };
		9F902A161903788D002CEB2E /* RSSTests.m */ = {isa = PBXFileReference; lastKnownFileType = sourcecode.c.objc; path = RSSTests.m; sourceTree = "<group>"; };
		9F902A201903796C002CEB2E /* FeedsTableViewController.h */ = {isa = PBXFileReference; fileEncoding = 4; lastKnownFileType = sourcecode.c.h; path = FeedsTableViewController.h; sourceTree = "<group>"; };
		9F902A211903796C002CEB2E /* FeedsTableViewController.m */ = {isa = PBXFileReference; fileEncoding = 4; lastKnownFileType = sourcecode.c.objc; path = FeedsTableViewController.m; sourceTree = "<group>"; };
		9F902A2319037E78002CEB2E /* FeedObject.h */ = {isa = PBXFileReference; fileEncoding = 4; lastKnownFileType = sourcecode.c.h; path = FeedObject.h; sourceTree = "<group>"; };
		9F902A2419037E78002CEB2E /* FeedObject.m */ = {isa = PBXFileReference; fileEncoding = 4; lastKnownFileType = sourcecode.c.objc; path = FeedObject.m; sourceTree = "<group>"; };
		9FCAB97619046BCE00194362 /* WebViewController.h */ = {isa = PBXFileReference; fileEncoding = 4; lastKnownFileType = sourcecode.c.h; path = WebViewController.h; sourceTree = "<group>"; };
		9FCAB97719046BCE00194362 /* WebViewController.m */ = {isa = PBXFileReference; fileEncoding = 4; lastKnownFileType = sourcecode.c.objc; path = WebViewController.m; sourceTree = "<group>"; };
		9FCAB97A1904988D00194362 /* WebView.xib */ = {isa = PBXFileReference; fileEncoding = 4; lastKnownFileType = file.xib; path = WebView.xib; sourceTree = "<group>"; };
/* End PBXFileReference section */

/* Begin PBXFrameworksBuildPhase section */
		9F9029E51903788D002CEB2E /* Frameworks */ = {
			isa = PBXFrameworksBuildPhase;
			buildActionMask = 2147483647;
			files = (
				9F9029EE1903788D002CEB2E /* CoreGraphics.framework in Frameworks */,
				9F9029F01903788D002CEB2E /* UIKit.framework in Frameworks */,
				9F9029EC1903788D002CEB2E /* Foundation.framework in Frameworks */,
			);
			runOnlyForDeploymentPostprocessing = 0;
		};
		9F902A061903788D002CEB2E /* Frameworks */ = {
			isa = PBXFrameworksBuildPhase;
			buildActionMask = 2147483647;
			files = (
				9F902A0B1903788D002CEB2E /* XCTest.framework in Frameworks */,
				9F902A0D1903788D002CEB2E /* UIKit.framework in Frameworks */,
				9F902A0C1903788D002CEB2E /* Foundation.framework in Frameworks */,
			);
			runOnlyForDeploymentPostprocessing = 0;
		};
/* End PBXFrameworksBuildPhase section */

/* Begin PBXGroup section */
		05D153DA190433E5004E21FF /* XML */ = {
			isa = PBXGroup;
			children = (
				05D153DB1904340D004E21FF /* GTMNSString+HTML.h */,
				05D153DC1904340D004E21FF /* GTMNSString+HTML.m */,
				05D153DD1904340D004E21FF /* MWFeedInfo.h */,
				05D153DE1904340D004E21FF /* MWFeedInfo.m */,
				05D153DF1904340D004E21FF /* MWFeedItem.h */,
				05D153E01904340D004E21FF /* MWFeedItem.m */,
				05D153E11904340D004E21FF /* MWFeedParser_Private.h */,
				05D153E21904340D004E21FF /* MWFeedParser.h */,
				05D153E31904340D004E21FF /* MWFeedParser.m */,
				05D153E61904340D004E21FF /* NSDate+InternetDateTime.h */,
				05D153E71904340D004E21FF /* NSDate+InternetDateTime.m */,
				05D153E81904340D004E21FF /* NSString+HTML.h */,
				05D153E91904340D004E21FF /* NSString+HTML.m */,
				05D153EA1904340D004E21FF /* NSString+XMLEntities.h */,
				05D153EB1904340D004E21FF /* NSString+XMLEntities.m */,
			);
			name = XML;
			sourceTree = "<group>";
		};
		9F9029DF1903788D002CEB2E = {
			isa = PBXGroup;
			children = (
				9F9029F11903788D002CEB2E /* RSS */,
				9F902A101903788D002CEB2E /* RSSTests */,
				9F9029EA1903788D002CEB2E /* Frameworks */,
				9F9029E91903788D002CEB2E /* Products */,
			);
			sourceTree = "<group>";
		};
		9F9029E91903788D002CEB2E /* Products */ = {
			isa = PBXGroup;
			children = (
				9F9029E81903788D002CEB2E /* RSS.app */,
				9F902A091903788D002CEB2E /* RSSTests.xctest */,
			);
			name = Products;
			sourceTree = "<group>";
		};
		9F9029EA1903788D002CEB2E /* Frameworks */ = {
			isa = PBXGroup;
			children = (
				9F9029EB1903788D002CEB2E /* Foundation.framework */,
				9F9029ED1903788D002CEB2E /* CoreGraphics.framework */,
				9F9029EF1903788D002CEB2E /* UIKit.framework */,
				9F902A0A1903788D002CEB2E /* XCTest.framework */,
			);
			name = Frameworks;
			sourceTree = "<group>";
		};
		9F9029F11903788D002CEB2E /* RSS */ = {
			isa = PBXGroup;
			children = (
				05D153DA190433E5004E21FF /* XML */,
				9F9029FA1903788D002CEB2E /* AppDelegate.h */,
				9F9029FB1903788D002CEB2E /* AppDelegate.m */,
				9F9029FD1903788D002CEB2E /* Main.storyboard */,
				9F902A201903796C002CEB2E /* FeedsTableViewController.h */,
				9F902A211903796C002CEB2E /* FeedsTableViewController.m */,
				9F715BD319043ABA0095DBC3 /* StoriesTableViewController.h */,
				9F715BD419043ABA0095DBC3 /* StoriesTableViewController.m */,
				9F902A2319037E78002CEB2E /* FeedObject.h */,
				9F902A2419037E78002CEB2E /* FeedObject.m */,
				9FCAB97619046BCE00194362 /* WebViewController.h */,
				9FCAB97719046BCE00194362 /* WebViewController.m */,
				9FCAB97A1904988D00194362 /* WebView.xib */,
				9F902A031903788D002CEB2E /* Images.xcassets */,
				9F9029F21903788D002CEB2E /* Supporting Files */,
			);
			path = RSS;
			sourceTree = "<group>";
		};
		9F9029F21903788D002CEB2E /* Supporting Files */ = {
			isa = PBXGroup;
			children = (
				9F9029F31903788D002CEB2E /* RSS-Info.plist */,
				9F9029F41903788D002CEB2E /* InfoPlist.strings */,
				9F9029F71903788D002CEB2E /* main.m */,
				9F9029F91903788D002CEB2E /* RSS-Prefix.pch */,
			);
			name = "Supporting Files";
			sourceTree = "<group>";
		};
		9F902A101903788D002CEB2E /* RSSTests */ = {
			isa = PBXGroup;
			children = (
				9F902A161903788D002CEB2E /* RSSTests.m */,
				9F902A111903788D002CEB2E /* Supporting Files */,
			);
			path = RSSTests;
			sourceTree = "<group>";
		};
		9F902A111903788D002CEB2E /* Supporting Files */ = {
			isa = PBXGroup;
			children = (
				9F902A121903788D002CEB2E /* RSSTests-Info.plist */,
				9F902A131903788D002CEB2E /* InfoPlist.strings */,
			);
			name = "Supporting Files";
			sourceTree = "<group>";
		};
/* End PBXGroup section */

/* Begin PBXNativeTarget section */
		9F9029E71903788D002CEB2E /* RSS */ = {
			isa = PBXNativeTarget;
			buildConfigurationList = 9F902A1A1903788D002CEB2E /* Build configuration list for PBXNativeTarget "RSS" */;
			buildPhases = (
				9F9029E41903788D002CEB2E /* Sources */,
				9F9029E51903788D002CEB2E /* Frameworks */,
				9F9029E61903788D002CEB2E /* Resources */,
			);
			buildRules = (
			);
			dependencies = (
			);
			name = RSS;
			productName = RSS;
			productReference = 9F9029E81903788D002CEB2E /* RSS.app */;
			productType = "com.apple.product-type.application";
		};
		9F902A081903788D002CEB2E /* RSSTests */ = {
			isa = PBXNativeTarget;
			buildConfigurationList = 9F902A1D1903788D002CEB2E /* Build configuration list for PBXNativeTarget "RSSTests" */;
			buildPhases = (
				9F902A051903788D002CEB2E /* Sources */,
				9F902A061903788D002CEB2E /* Frameworks */,
				9F902A071903788D002CEB2E /* Resources */,
			);
			buildRules = (
			);
			dependencies = (
				9F902A0F1903788D002CEB2E /* PBXTargetDependency */,
			);
			name = RSSTests;
			productName = RSSTests;
			productReference = 9F902A091903788D002CEB2E /* RSSTests.xctest */;
			productType = "com.apple.product-type.bundle.unit-test";
		};
/* End PBXNativeTarget section */

/* Begin PBXProject section */
		9F9029E01903788D002CEB2E /* Project object */ = {
			isa = PBXProject;
			attributes = {
				LastUpgradeCheck = 0510;
				ORGANIZATIONNAME = "Brian Charous";
				TargetAttributes = {
					9F9029E71903788D002CEB2E = {
						DevelopmentTeam = P67F2FBXLF;
					};
					9F902A081903788D002CEB2E = {
						TestTargetID = 9F9029E71903788D002CEB2E;
					};
				};
			};
			buildConfigurationList = 9F9029E31903788D002CEB2E /* Build configuration list for PBXProject "RSS" */;
			compatibilityVersion = "Xcode 3.2";
			developmentRegion = English;
			hasScannedForEncodings = 0;
			knownRegions = (
				en,
				Base,
			);
			mainGroup = 9F9029DF1903788D002CEB2E;
			productRefGroup = 9F9029E91903788D002CEB2E /* Products */;
			projectDirPath = "";
			projectRoot = "";
			targets = (
				9F9029E71903788D002CEB2E /* RSS */,
				9F902A081903788D002CEB2E /* RSSTests */,
			);
		};
/* End PBXProject section */

/* Begin PBXResourcesBuildPhase section */
		9F9029E61903788D002CEB2E /* Resources */ = {
			isa = PBXResourcesBuildPhase;
			buildActionMask = 2147483647;
			files = (
				9F902A041903788D002CEB2E /* Images.xcassets in Resources */,
				9FCAB97B1904988D00194362 /* WebView.xib in Resources */,
				9F9029F61903788D002CEB2E /* InfoPlist.strings in Resources */,
				9F9029FF1903788D002CEB2E /* Main.storyboard in Resources */,
			);
			runOnlyForDeploymentPostprocessing = 0;
		};
		9F902A071903788D002CEB2E /* Resources */ = {
			isa = PBXResourcesBuildPhase;
			buildActionMask = 2147483647;
			files = (
				9F902A151903788D002CEB2E /* InfoPlist.strings in Resources */,
			);
			runOnlyForDeploymentPostprocessing = 0;
		};
/* End PBXResourcesBuildPhase section */

/* Begin PBXSourcesBuildPhase section */
		9F9029E41903788D002CEB2E /* Sources */ = {
			isa = PBXSourcesBuildPhase;
			buildActionMask = 2147483647;
			files = (
				9F9029FC1903788D002CEB2E /* AppDelegate.m in Sources */,
				9FCAB97919046BCE00194362 /* WebViewController.m in Sources */,
				05D153EF1904340D004E21FF /* MWFeedParser.m in Sources */,
				9F9029F81903788D002CEB2E /* main.m in Sources */,
				9F902A2519037E78002CEB2E /* FeedObject.m in Sources */,
				9F902A221903796C002CEB2E /* FeedsTableViewController.m in Sources */,
				05D153F11904340D004E21FF /* NSDate+InternetDateTime.m in Sources */,
				05D153ED1904340D004E21FF /* MWFeedInfo.m in Sources */,
				05D153EE1904340D004E21FF /* MWFeedItem.m in Sources */,
				05D153F21904340D004E21FF /* NSString+HTML.m in Sources */,
				05D153EC1904340D004E21FF /* GTMNSString+HTML.m in Sources */,
				05D153F31904340D004E21FF /* NSString+XMLEntities.m in Sources */,
				9F715BD519043ABA0095DBC3 /* StoriesTableViewController.m in Sources */,
			);
			runOnlyForDeploymentPostprocessing = 0;
		};
		9F902A051903788D002CEB2E /* Sources */ = {
			isa = PBXSourcesBuildPhase;
			buildActionMask = 2147483647;
			files = (
				9F902A171903788D002CEB2E /* RSSTests.m in Sources */,
			);
			runOnlyForDeploymentPostprocessing = 0;
		};
/* End PBXSourcesBuildPhase section */

/* Begin PBXTargetDependency section */
		9F902A0F1903788D002CEB2E /* PBXTargetDependency */ = {
			isa = PBXTargetDependency;
			target = 9F9029E71903788D002CEB2E /* RSS */;
			targetProxy = 9F902A0E1903788D002CEB2E /* PBXContainerItemProxy */;
		};
/* End PBXTargetDependency section */

/* Begin PBXVariantGroup section */
		9F9029F41903788D002CEB2E /* InfoPlist.strings */ = {
			isa = PBXVariantGroup;
			children = (
				9F9029F51903788D002CEB2E /* en */,
			);
			name = InfoPlist.strings;
			sourceTree = "<group>";
		};
		9F9029FD1903788D002CEB2E /* Main.storyboard */ = {
			isa = PBXVariantGroup;
			children = (
				9F9029FE1903788D002CEB2E /* Base */,
			);
			name = Main.storyboard;
			sourceTree = "<group>";
		};
		9F902A131903788D002CEB2E /* InfoPlist.strings */ = {
			isa = PBXVariantGroup;
			children = (
				9F902A141903788D002CEB2E /* en */,
			);
			name = InfoPlist.strings;
			sourceTree = "<group>";
		};
/* End PBXVariantGroup section */

/* Begin XCBuildConfiguration section */
		9F902A181903788D002CEB2E /* Debug */ = {
			isa = XCBuildConfiguration;
			buildSettings = {
				ALWAYS_SEARCH_USER_PATHS = NO;
				CLANG_CXX_LANGUAGE_STANDARD = "gnu++0x";
				CLANG_CXX_LIBRARY = "libc++";
				CLANG_ENABLE_MODULES = YES;
				CLANG_ENABLE_OBJC_ARC = YES;
				CLANG_WARN_BOOL_CONVERSION = YES;
				CLANG_WARN_CONSTANT_CONVERSION = YES;
				CLANG_WARN_DIRECT_OBJC_ISA_USAGE = YES_ERROR;
				CLANG_WARN_EMPTY_BODY = YES;
				CLANG_WARN_ENUM_CONVERSION = YES;
				CLANG_WARN_INT_CONVERSION = YES;
				CLANG_WARN_OBJC_ROOT_CLASS = YES_ERROR;
				CLANG_WARN__DUPLICATE_METHOD_MATCH = YES;
				"CODE_SIGN_IDENTITY[sdk=iphoneos*]" = "iPhone Developer";
				COPY_PHASE_STRIP = NO;
				GCC_C_LANGUAGE_STANDARD = gnu99;
				GCC_DYNAMIC_NO_PIC = NO;
				GCC_OPTIMIZATION_LEVEL = 0;
				GCC_PREPROCESSOR_DEFINITIONS = (
					"DEBUG=1",
					"$(inherited)",
				);
				GCC_SYMBOLS_PRIVATE_EXTERN = NO;
				GCC_WARN_64_TO_32_BIT_CONVERSION = YES;
				GCC_WARN_ABOUT_RETURN_TYPE = YES_ERROR;
				GCC_WARN_UNDECLARED_SELECTOR = YES;
				GCC_WARN_UNINITIALIZED_AUTOS = YES_AGGRESSIVE;
				GCC_WARN_UNUSED_FUNCTION = YES;
				GCC_WARN_UNUSED_VARIABLE = YES;
				IPHONEOS_DEPLOYMENT_TARGET = 7.1;
				ONLY_ACTIVE_ARCH = YES;
				SDKROOT = iphoneos;
			};
			name = Debug;
		};
		9F902A191903788D002CEB2E /* Release */ = {
			isa = XCBuildConfiguration;
			buildSettings = {
				ALWAYS_SEARCH_USER_PATHS = NO;
				CLANG_CXX_LANGUAGE_STANDARD = "gnu++0x";
				CLANG_CXX_LIBRARY = "libc++";
				CLANG_ENABLE_MODULES = YES;
				CLANG_ENABLE_OBJC_ARC = YES;
				CLANG_WARN_BOOL_CONVERSION = YES;
				CLANG_WARN_CONSTANT_CONVERSION = YES;
				CLANG_WARN_DIRECT_OBJC_ISA_USAGE = YES_ERROR;
				CLANG_WARN_EMPTY_BODY = YES;
				CLANG_WARN_ENUM_CONVERSION = YES;
				CLANG_WARN_INT_CONVERSION = YES;
				CLANG_WARN_OBJC_ROOT_CLASS = YES_ERROR;
				CLANG_WARN__DUPLICATE_METHOD_MATCH = YES;
				"CODE_SIGN_IDENTITY[sdk=iphoneos*]" = "iPhone Developer";
				COPY_PHASE_STRIP = YES;
				ENABLE_NS_ASSERTIONS = NO;
				GCC_C_LANGUAGE_STANDARD = gnu99;
				GCC_WARN_64_TO_32_BIT_CONVERSION = YES;
				GCC_WARN_ABOUT_RETURN_TYPE = YES_ERROR;
				GCC_WARN_UNDECLARED_SELECTOR = YES;
				GCC_WARN_UNINITIALIZED_AUTOS = YES_AGGRESSIVE;
				GCC_WARN_UNUSED_FUNCTION = YES;
				GCC_WARN_UNUSED_VARIABLE = YES;
				IPHONEOS_DEPLOYMENT_TARGET = 7.1;
				SDKROOT = iphoneos;
				VALIDATE_PRODUCT = YES;
			};
			name = Release;
		};
		9F902A1B1903788D002CEB2E /* Debug */ = {
			isa = XCBuildConfiguration;
			buildSettings = {
				ASSETCATALOG_COMPILER_APPICON_NAME = AppIcon;
				ASSETCATALOG_COMPILER_LAUNCHIMAGE_NAME = LaunchImage;
				CODE_SIGN_IDENTITY = "iPhone Developer";
				GCC_PRECOMPILE_PREFIX_HEADER = YES;
				GCC_PREFIX_HEADER = "RSS/RSS-Prefix.pch";
				INFOPLIST_FILE = "RSS/RSS-Info.plist";
				PRODUCT_NAME = "$(TARGET_NAME)";
				WRAPPER_EXTENSION = app;
			};
			name = Debug;
		};
		9F902A1C1903788D002CEB2E /* Release */ = {
			isa = XCBuildConfiguration;
			buildSettings = {
				ASSETCATALOG_COMPILER_APPICON_NAME = AppIcon;
				ASSETCATALOG_COMPILER_LAUNCHIMAGE_NAME = LaunchImage;
				CODE_SIGN_IDENTITY = "iPhone Developer";
				GCC_PRECOMPILE_PREFIX_HEADER = YES;
				GCC_PREFIX_HEADER = "RSS/RSS-Prefix.pch";
				INFOPLIST_FILE = "RSS/RSS-Info.plist";
				PRODUCT_NAME = "$(TARGET_NAME)";
				WRAPPER_EXTENSION = app;
			};
			name = Release;
		};
		9F902A1E1903788D002CEB2E /* Debug */ = {
			isa = XCBuildConfiguration;
			buildSettings = {
				BUNDLE_LOADER = "$(BUILT_PRODUCTS_DIR)/RSS.app/RSS";
				FRAMEWORK_SEARCH_PATHS = (
					"$(SDKROOT)/Developer/Library/Frameworks",
					"$(inherited)",
					"$(DEVELOPER_FRAMEWORKS_DIR)",
				);
				GCC_PRECOMPILE_PREFIX_HEADER = YES;
				GCC_PREFIX_HEADER = "RSS/RSS-Prefix.pch";
				GCC_PREPROCESSOR_DEFINITIONS = (
					"DEBUG=1",
					"$(inherited)",
				);
				INFOPLIST_FILE = "RSSTests/RSSTests-Info.plist";
				PRODUCT_NAME = "$(TARGET_NAME)";
				TEST_HOST = "$(BUNDLE_LOADER)";
				WRAPPER_EXTENSION = xctest;
			};
			name = Debug;
		};
		9F902A1F1903788D002CEB2E /* Release */ = {
			isa = XCBuildConfiguration;
			buildSettings = {
				BUNDLE_LOADER = "$(BUILT_PRODUCTS_DIR)/RSS.app/RSS";
				FRAMEWORK_SEARCH_PATHS = (
					"$(SDKROOT)/Developer/Library/Frameworks",
					"$(inherited)",
					"$(DEVELOPER_FRAMEWORKS_DIR)",
				);
				GCC_PRECOMPILE_PREFIX_HEADER = YES;
				GCC_PREFIX_HEADER = "RSS/RSS-Prefix.pch";
				INFOPLIST_FILE = "RSSTests/RSSTests-Info.plist";
				PRODUCT_NAME = "$(TARGET_NAME)";
				TEST_HOST = "$(BUNDLE_LOADER)";
				WRAPPER_EXTENSION = xctest;
			};
			name = Release;
		};
/* End XCBuildConfiguration section */

/* Begin XCConfigurationList section */
		9F9029E31903788D002CEB2E /* Build configuration list for PBXProject "RSS" */ = {
			isa = XCConfigurationList;
			buildConfigurations = (
				9F902A181903788D002CEB2E /* Debug */,
				9F902A191903788D002CEB2E /* Release */,
			);
			defaultConfigurationIsVisible = 0;
			defaultConfigurationName = Release;
		};
		9F902A1A1903788D002CEB2E /* Build configuration list for PBXNativeTarget "RSS" */ = {
			isa = XCConfigurationList;
			buildConfigurations = (
				9F902A1B1903788D002CEB2E /* Debug */,
				9F902A1C1903788D002CEB2E /* Release */,
			);
			defaultConfigurationIsVisible = 0;
			defaultConfigurationName = Release;
		};
		9F902A1D1903788D002CEB2E /* Build configuration list for PBXNativeTarget "RSSTests" */ = {
			isa = XCConfigurationList;
			buildConfigurations = (
				9F902A1E1903788D002CEB2E /* Debug */,
				9F902A1F1903788D002CEB2E /* Release */,
			);
			defaultConfigurationIsVisible = 0;
			defaultConfigurationName = Release;
		};
/* End XCConfigurationList section */
	};
	rootObject = 9F9029E01903788D002CEB2E /* Project object */;
}
